
Microsoft Visual Studio Solution File, Format Version 12.00
# Visual Studio Version 16
VisualStudioVersion = 16.0.30014.187
MinimumVisualStudioVersion = 10.0.40219.1
Project("{FAE04EC0-301F-11D3-BF4B-00C04F79EFBC}") = "Match3", "Match3\Match3.csproj", "{152785C6-9A4E-4694-99C6-58935FB4FD8A}"
EndProject
Global
	GlobalSection(SolutionConfigurationPlatforms) = preSolution
		Debug|Any CPU = Debug|Any CPU
		Release|Any CPU = Release|Any CPU
	EndGlobalSection
	GlobalSection(ProjectConfigurationPlatforms) = postSolution
		{152785C6-9A4E-4694-99C6-58935FB4FD8A}.Debug|Any CPU.ActiveCfg = Debug|Any CPU
		{152785C6-9A4E-4694-99C6-58935FB4FD8A}.Debug|Any CPU.Build.0 = Debug|Any CPU
		{152785C6-9A4E-4694-99C6-58935FB4FD8A}.Release|Any CPU.ActiveCfg = Release|Any CPU
		{152785C6-9A4E-4694-99C6-58935FB4FD8A}.Release|Any CPU.Build.0 = Release|Any CPU
	EndGlobalSection
	GlobalSection(SolutionProperties) = preSolution
		HideSolutionNode = FALSE
	EndGlobalSection
	GlobalSection(ExtensibilityGlobals) = postSolution
		SolutionGuid = {39C13146-247F-4879-B3D6-670753FCA648}
	EndGlobalSection
EndGlobal
